
Microsoft Visual Studio Solution File, Format Version 12.00
# Visual Studio 15
VisualStudioVersion = 15.0.28307.168
MinimumVisualStudioVersion = 10.0.40219.1
Project("{888888A0-9F3D-457C-B088-3A5042F75D52}") = "LR_ML", "LR_ML\LR_ML.pyproj", "{7160B4A0-D625-4AEA-AD0D-32856D5C1D3A}"
EndProject
Global
	GlobalSection(SolutionConfigurationPlatforms) = preSolution
		Debug|Any CPU = Debug|Any CPU
		Release|Any CPU = Release|Any CPU
	EndGlobalSection
	GlobalSection(ProjectConfigurationPlatforms) = postSolution
		{7160B4A0-D625-4AEA-AD0D-32856D5C1D3A}.Debug|Any CPU.ActiveCfg = Debug|Any CPU
		{7160B4A0-D625-4AEA-AD0D-32856D5C1D3A}.Release|Any CPU.ActiveCfg = Release|Any CPU
	EndGlobalSection
	GlobalSection(SolutionProperties) = preSolution
		HideSolutionNode = FALSE
	EndGlobalSection
	GlobalSection(ExtensibilityGlobals) = postSolution
		SolutionGuid = {EDEC2967-72C7-421A-A26A-4C4FDE6B598E}
	EndGlobalSection
EndGlobal
